Microsoft Visual Studio Solution File, Format Version 12.00
# Visual Studio Version 17
VisualStudioVersion = 17.5.2.0
MinimumVisualStudioVersion = 10.0.40219.1
Project("{FAE04EC0-301F-11D3-BF4B-00C04F79EFBC}") = "aspnet-backend", "aspnet-backend\aspnet-backend.csproj", "{EBD18010-1A6C-33A9-8026-92372336E3A7}"
EndProject
Global
	GlobalSection(SolutionConfigurationPlatforms) = preSolution
		Debug|Any CPU = Debug|Any CPU
		Release|Any CPU = Release|Any CPU
	EndGlobalSection
	GlobalSection(ProjectConfigurationPlatforms) = postSolution
		{EBD18010-1A6C-33A9-8026-92372336E3A7}.Debug|Any CPU.ActiveCfg = Debug|Any CPU
		{EBD18010-1A6C-33A9-8026-92372336E3A7}.Debug|Any CPU.Build.0 = Debug|Any CPU
		{EBD18010-1A6C-33A9-8026-92372336E3A7}.Release|Any CPU.ActiveCfg = Release|Any CPU
		{EBD18010-1A6C-33A9-8026-92372336E3A7}.Release|Any CPU.Build.0 = Release|Any CPU
	EndGlobalSection
	GlobalSection(SolutionProperties) = preSolution
		HideSolutionNode = FALSE
	EndGlobalSection
	GlobalSection(ExtensibilityGlobals) = postSolution
		SolutionGuid = {B84A0C7C-130A-4A25-B28B-8EF7EF2A0876}
	EndGlobalSection
EndGlobal
